
Microsoft Visual Studio Solution File, Format Version 12.00
# Visual Studio Version 17
VisualStudioVersion = 17.8.34511.84
MinimumVisualStudioVersion = 10.0.40219.1
Project("{FAE04EC0-301F-11D3-BF4B-00C04F79EFBC}") = "webcofflatteshop", "webcofflatteshop\webcofflatteshop.csproj", "{663DDF2E-057F-4AB8-B5AD-F33ADCF7637D}"
EndProject
Global
	GlobalSection(SolutionConfigurationPlatforms) = preSolution
		Debug|Any CPU = Debug|Any CPU
		Release|Any CPU = Release|Any CPU
	EndGlobalSection
	GlobalSection(ProjectConfigurationPlatforms) = postSolution
		{663DDF2E-057F-4AB8-B5AD-F33ADCF7637D}.Debug|Any CPU.ActiveCfg = Debug|Any CPU
		{663DDF2E-057F-4AB8-B5AD-F33ADCF7637D}.Debug|Any CPU.Build.0 = Debug|Any CPU
		{663DDF2E-057F-4AB8-B5AD-F33ADCF7637D}.Release|Any CPU.ActiveCfg = Release|Any CPU
		{663DDF2E-057F-4AB8-B5AD-F33ADCF7637D}.Release|Any CPU.Build.0 = Release|Any CPU
	EndGlobalSection
	GlobalSection(SolutionProperties) = preSolution
		HideSolutionNode = FALSE
	EndGlobalSection
	GlobalSection(ExtensibilityGlobals) = postSolution
		SolutionGuid = {E8179F0B-1797-4C26-A93F-E66209C3665A}
	EndGlobalSection
EndGlobal
